
Microsoft Visual Studio Solution File, Format Version 12.00
# Visual Studio Version 16
VisualStudioVersion = 16.0.31624.102
MinimumVisualStudioVersion = 10.0.40219.1
Project("{9A19103F-16F7-4668-BE54-9A1E7A4F7556}") = "Slektstre", "Slektstre\Slektstre.csproj", "{52DF459B-FCDE-4714-B02B-5B1EF21E5729}"
EndProject
Project("{FAE04EC0-301F-11D3-BF4B-00C04F79EFBC}") = "SlektsTreTest", "SlektsTreTest\SlektsTreTest.csproj", "{B851F0D7-13E1-4E3F-BA68-7B7B69053438}"
EndProject
Global
	GlobalSection(SolutionConfigurationPlatforms) = preSolution
		Debug|Any CPU = Debug|Any CPU
		Release|Any CPU = Release|Any CPU
	EndGlobalSection
	GlobalSection(ProjectConfigurationPlatforms) = postSolution
		{52DF459B-FCDE-4714-B02B-5B1EF21E5729}.Debug|Any CPU.ActiveCfg = Debug|Any CPU
		{52DF459B-FCDE-4714-B02B-5B1EF21E5729}.Debug|Any CPU.Build.0 = Debug|Any CPU
		{52DF459B-FCDE-4714-B02B-5B1EF21E5729}.Release|Any CPU.ActiveCfg = Release|Any CPU
		{52DF459B-FCDE-4714-B02B-5B1EF21E5729}.Release|Any CPU.Build.0 = Release|Any CPU
		{B851F0D7-13E1-4E3F-BA68-7B7B69053438}.Debug|Any CPU.ActiveCfg = Debug|Any CPU
		{B851F0D7-13E1-4E3F-BA68-7B7B69053438}.Debug|Any CPU.Build.0 = Debug|Any CPU
		{B851F0D7-13E1-4E3F-BA68-7B7B69053438}.Release|Any CPU.ActiveCfg = Release|Any CPU
		{B851F0D7-13E1-4E3F-BA68-7B7B69053438}.Release|Any CPU.Build.0 = Release|Any CPU
	EndGlobalSection
	GlobalSection(SolutionProperties) = preSolution
		HideSolutionNode = FALSE
	EndGlobalSection
	GlobalSection(ExtensibilityGlobals) = postSolution
		SolutionGuid = {345F4151-204E-428E-8F6C-84EB68F5B5B2}
	EndGlobalSection
EndGlobal
